// !$*UTF8*$!
{
	archiveVersion = 1;
	classes = {
	};
	objectVersion = 48;
	objects = {

/* Begin PBXBuildFile section */
		4A1E178B2045560D00BDBF7B /* NSArray+AXNetworkingMethods.m in Sources */ = {isa = PBXBuildFile; fileRef = 4A1E17782045560D00BDBF7B /* NSArray+AXNetworkingMethods.m */; };
		4A1E178D2045560D00BDBF7B /* NSDictionary+AXNetworkingMethods.m in Sources */ = {isa = PBXBuildFile; fileRef = 4A1E177E2045560D00BDBF7B /* NSDictionary+AXNetworkingMethods.m */; };
		4A1E178E2045560D00BDBF7B /* NSURLRequest+CTNetworkingMethods.m in Sources */ = {isa = PBXBuildFile; fileRef = 4A1E17822045560D00BDBF7B /* NSURLRequest+CTNetworkingMethods.m */; };
		4A1E178F2045560D00BDBF7B /* NSMutableString+AXNetworkingMethods.m in Sources */ = {isa = PBXBuildFile; fileRef = 4A1E17842045560D00BDBF7B /* NSMutableString+AXNetworkingMethods.m */; };
		4A1E17902045560D00BDBF7B /* NSString+AXNetworkingMethods.m in Sources */ = {isa = PBXBuildFile; fileRef = 4A1E17852045560D00BDBF7B /* NSString+AXNetworkingMethods.m */; };
		4A1E17912045560D00BDBF7B /* NSObject+AXNetworkingMethods.m in Sources */ = {isa = PBXBuildFile; fileRef = 4A1E17892045560D00BDBF7B /* NSObject+AXNetworkingMethods.m */; };
		4A1E17B62045585A00BDBF7B /* CTLogger.m in Sources */ = {isa = PBXBuildFile; fileRef = 4A1E17952045585A00BDBF7B /* CTLogger.m */; };
		4A1E17B72045585A00BDBF7B /* CTURLResponse.m in Sources */ = {isa = PBXBuildFile; fileRef = 4A1E17982045585A00BDBF7B /* CTURLResponse.m */; };
		4A1E17B92045585A00BDBF7B /* Target_H5API.m in Sources */ = {isa = PBXBuildFile; fileRef = 4A1E179E2045585A00BDBF7B /* Target_H5API.m */; };
		4A1E17BA2045585A00BDBF7B /* CTAPIBaseManager.m in Sources */ = {isa = PBXBuildFile; fileRef = 4A1E17A12045585A00BDBF7B /* CTAPIBaseManager.m */; };
		4A1E17BB2045585A00BDBF7B /* iPhoneTypeDefine.plist in Resources */ = {isa = PBXBuildFile; fileRef = 4A1E17A32045585A00BDBF7B /* iPhoneTypeDefine.plist */; };
		4A1E17BD2045585A00BDBF7B /* CTApiProxy.m in Sources */ = {isa = PBXBuildFile; fileRef = 4A1E17A92045585A00BDBF7B /* CTApiProxy.m */; };
		4A1E17BE2045585A00BDBF7B /* CTCacheCenter.m in Sources */ = {isa = PBXBuildFile; fileRef = 4A1E17AB2045585A00BDBF7B /* CTCacheCenter.m */; };
		4A1E17BF2045585A00BDBF7B /* CTMemoryCacheDataCenter.m in Sources */ = {isa = PBXBuildFile; fileRef = 4A1E17AD2045585A00BDBF7B /* CTMemoryCacheDataCenter.m */; };
		4A1E17C02045585A00BDBF7B /* CTMemoryCachedRecord.m in Sources */ = {isa = PBXBuildFile; fileRef = 4A1E17B02045585A00BDBF7B /* CTMemoryCachedRecord.m */; };
		4A1E17C12045585A00BDBF7B /* CTDiskCacheCenter.m in Sources */ = {isa = PBXBuildFile; fileRef = 4A1E17B42045585A00BDBF7B /* CTDiskCacheCenter.m */; };
		4A1E17CB2045588E00BDBF7B /* CTServiceFactory.m in Sources */ = {isa = PBXBuildFile; fileRef = 4A1E17C92045588E00BDBF7B /* CTServiceFactory.m */; };
		4AB2FB0A204586E400770EF1 /* Target_CTAppContext.m in Sources */ = {isa = PBXBuildFile; fileRef = 4AB2FB09204586E400770EF1 /* Target_CTAppContext.m */; };
		4AB2FB0D204586F900770EF1 /* Target_DemoService.m in Sources */ = {isa = PBXBuildFile; fileRef = 4AB2FB0C204586F900770EF1 /* Target_DemoService.m */; };
		4AB2FB1720458C7200770EF1 /* CTMediator+CTAppContext.m in Sources */ = {isa = PBXBuildFile; fileRef = 4AB2FB1620458C7200770EF1 /* CTMediator+CTAppContext.m */; };
		4AB2FB1D2045B03F00770EF1 /* DemoService.m in Sources */ = {isa = PBXBuildFile; fileRef = 4AB2FB1C2045B03F00770EF1 /* DemoService.m */; };
		4AE4F2F02045C69E002FF604 /* DemoAPIManagerViewController.m in Sources */ = {isa = PBXBuildFile; fileRef = 4AE4F2EC2045C69E002FF604 /* DemoAPIManagerViewController.m */; };
		4AE4F2F12045C69E002FF604 /* DemoAPIManager.m in Sources */ = {isa = PBXBuildFile; fileRef = 4AE4F2EF2045C69E002FF604 /* DemoAPIManager.m */; };
		4AF1D17A20454C4C006736EF /* AppDelegate.m in Sources */ = {isa = PBXBuildFile; fileRef = 4AF1D17920454C4C006736EF /* AppDelegate.m */; };
		4AF1D17D20454C4C006736EF /* ViewController.m in Sources */ = {isa = PBXBuildFile; fileRef = 4AF1D17C20454C4C006736EF /* ViewController.m */; };
		4AF1D18020454C4C006736EF /* Main.storyboard in Resources */ = {isa = PBXBuildFile; fileRef = 4AF1D17E20454C4C006736EF /* Main.storyboard */; };
		4AF1D18220454C4C006736EF /* Assets.xcassets in Resources */ = {isa = PBXBuildFile; fileRef = 4AF1D18120454C4C006736EF /* Assets.xcassets */; };
		4AF1D18520454C4C006736EF /* LaunchScreen.storyboard in Resources */ = {isa = PBXBuildFile; fileRef = 4AF1D18320454C4C006736EF /* LaunchScreen.storyboard */; };
		4AF1D18820454C4C006736EF /* main.m in Sources */ = {isa = PBXBuildFile; fileRef = 4AF1D18720454C4C006736EF /* main.m */; };
		ACA6BF36968B948431EBBED5 /* libPods-CTNetworking.a in Frameworks */ = {isa = PBXBuildFile; fileRef = 2C89AC4DE62717E44D715D01 /* libPods-CTNetworking.a */; };
/* End PBXBuildFile section */

/* Begin PBXFileReference section */
		004A387B2F0C26B746C0D43D /* Pods-CTNetworking.release.xcconfig */ = {isa = PBXFileReference; includeInIndex = 1; lastKnownFileType = text.xcconfig; name = "Pods-CTNetworking.release.xcconfig"; path = "Pods/Target Support Files/Pods-CTNetworking/Pods-CTNetworking.release.xcconfig"; sourceTree = "<group>"; };
		2C89AC4DE62717E44D715D01 /* libPods-CTNetworking.a */ = {isa = PBXFileReference; explicitFileType = archive.ar; includeInIndex = 0; path = "libPods-CTNetworking.a"; sourceTree = BUILT_PRODUCTS_DIR; };
		4A1E17782045560D00BDBF7B /* NSArray+AXNetworkingMethods.m */ = {isa = PBXFileReference; fileEncoding = 4; lastKnownFileType = sourcecode.c.objc; path = "NSArray+AXNetworkingMethods.m"; sourceTree = "<group>"; };
		4A1E17792045560D00BDBF7B /* NSArray+AXNetworkingMethods.h */ = {isa = PBXFileReference; fileEncoding = 4; lastKnownFileType = sourcecode.c.h; path = "NSArray+AXNetworkingMethods.h"; sourceTree = "<group>"; };
		4A1E177E2045560D00BDBF7B /* NSDictionary+AXNetworkingMethods.m */ = {isa = PBXFileReference; fileEncoding = 4; lastKnownFileType = sourcecode.c.objc; path = "NSDictionary+AXNetworkingMethods.m"; sourceTree = "<group>"; };
		4A1E177F2045560D00BDBF7B /* NSDictionary+AXNetworkingMethods.h */ = {isa = PBXFileReference; fileEncoding = 4; lastKnownFileType = sourcecode.c.h; path = "NSDictionary+AXNetworkingMethods.h"; sourceTree = "<group>"; };
		4A1E17812045560D00BDBF7B /* NSURLRequest+CTNetworkingMethods.h */ = {isa = PBXFileReference; fileEncoding = 4; lastKnownFileType = sourcecode.c.h; path = "NSURLRequest+CTNetworkingMethods.h"; sourceTree = "<group>"; };
		4A1E17822045560D00BDBF7B /* NSURLRequest+CTNetworkingMethods.m */ = {isa = PBXFileReference; fileEncoding = 4; lastKnownFileType = sourcecode.c.objc; path = "NSURLRequest+CTNetworkingMethods.m"; sourceTree = "<group>"; };
		4A1E17842045560D00BDBF7B /* NSMutableString+AXNetworkingMethods.m */ = {isa = PBXFileReference; fileEncoding = 4; lastKnownFileType = sourcecode.c.objc; path = "NSMutableString+AXNetworkingMethods.m"; sourceTree = "<group>"; };
		4A1E17852045560D00BDBF7B /* NSString+AXNetworkingMethods.m */ = {isa = PBXFileReference; fileEncoding = 4; lastKnownFileType = sourcecode.c.objc; path = "NSString+AXNetworkingMethods.m"; sourceTree = "<group>"; };
		4A1E17862045560D00BDBF7B /* NSString+AXNetworkingMethods.h */ = {isa = PBXFileReference; fileEncoding = 4; lastKnownFileType = sourcecode.c.h; path = "NSString+AXNetworkingMethods.h"; sourceTree = "<group>"; };
		4A1E17872045560D00BDBF7B /* NSMutableString+AXNetworkingMethods.h */ = {isa = PBXFileReference; fileEncoding = 4; lastKnownFileType = sourcecode.c.h; path = "NSMutableString+AXNetworkingMethods.h"; sourceTree = "<group>"; };
		4A1E17892045560D00BDBF7B /* NSObject+AXNetworkingMethods.m */ = {isa = PBXFileReference; fileEncoding = 4; lastKnownFileType = sourcecode.c.objc; path = "NSObject+AXNetworkingMethods.m"; sourceTree = "<group>"; };
		4A1E178A2045560D00BDBF7B /* NSObject+AXNetworkingMethods.h */ = {isa = PBXFileReference; fileEncoding = 4; lastKnownFileType = sourcecode.c.h; path = "NSObject+AXNetworkingMethods.h"; sourceTree = "<group>"; };
		4A1E17942045585A00BDBF7B /* CTLogger.h */ = {isa = PBXFileReference; fileEncoding = 4; lastKnownFileType = sourcecode.c.h; path = CTLogger.h; sourceTree = "<group>"; };
		4A1E17952045585A00BDBF7B /* CTLogger.m */ = {isa = PBXFileReference; fileEncoding = 4; lastKnownFileType = sourcecode.c.objc; path = CTLogger.m; sourceTree = "<group>"; };
		4A1E17972045585A00BDBF7B /* CTURLResponse.h */ = {isa = PBXFileReference; fileEncoding = 4; lastKnownFileType = sourcecode.c.h; path = CTURLResponse.h; sourceTree = "<group>"; };
		4A1E17982045585A00BDBF7B /* CTURLResponse.m */ = {isa = PBXFileReference; fileEncoding = 4; lastKnownFileType = sourcecode.c.objc; path = CTURLResponse.m; sourceTree = "<group>"; };
		4A1E179E2045585A00BDBF7B /* Target_H5API.m */ = {isa = PBXFileReference; fileEncoding = 4; lastKnownFileType = sourcecode.c.objc; path = Target_H5API.m; sourceTree = "<group>"; };
		4A1E179F2045585A00BDBF7B /* Target_H5API.h */ = {isa = PBXFileReference; fileEncoding = 4; lastKnownFileType = sourcecode.c.h; path = Target_H5API.h; sourceTree = "<group>"; };
		4A1E17A12045585A00BDBF7B /* CTAPIBaseManager.m */ = {isa = PBXFileReference; fileEncoding = 4; lastKnownFileType = sourcecode.c.objc; path = CTAPIBaseManager.m; sourceTree = "<group>"; };
		4A1E17A22045585A00BDBF7B /* CTAPIBaseManager.h */ = {isa = PBXFileReference; fileEncoding = 4; lastKnownFileType = sourcecode.c.h; path = CTAPIBaseManager.h; sourceTree = "<group>"; };
		4A1E17A32045585A00BDBF7B /* iPhoneTypeDefine.plist */ = {isa = PBXFileReference; fileEncoding = 4; lastKnownFileType = text.plist.xml; path = iPhoneTypeDefine.plist; sourceTree = "<group>"; };
		4A1E17A52045585A00BDBF7B /* CTApiProxy.h */ = {isa = PBXFileReference; fileEncoding = 4; lastKnownFileType = sourcecode.c.h; path = CTApiProxy.h; sourceTree = "<group>"; };
		4A1E17A92045585A00BDBF7B /* CTApiProxy.m */ = {isa = PBXFileReference; fileEncoding = 4; lastKnownFileType = sourcecode.c.objc; path = CTApiProxy.m; sourceTree = "<group>"; };
		4A1E17AB2045585A00BDBF7B /* CTCacheCenter.m */ = {isa = PBXFileReference; fileEncoding = 4; lastKnownFileType = sourcecode.c.objc; path = CTCacheCenter.m; sourceTree = "<group>"; };
		4A1E17AD2045585A00BDBF7B /* CTMemoryCacheDataCenter.m */ = {isa = PBXFileReference; fileEncoding = 4; lastKnownFileType = sourcecode.c.objc; path = CTMemoryCacheDataCenter.m; sourceTree = "<group>"; };
		4A1E17AE2045585A00BDBF7B /* CTMemoryCacheDataCenter.h */ = {isa = PBXFileReference; fileEncoding = 4; lastKnownFileType = sourcecode.c.h; path = CTMemoryCacheDataCenter.h; sourceTree = "<group>"; };
		4A1E17B02045585A00BDBF7B /* CTMemoryCachedRecord.m */ = {isa = PBXFileReference; fileEncoding = 4; lastKnownFileType = sourcecode.c.objc; path = CTMemoryCachedRecord.m; sourceTree = "<group>"; };
		4A1E17B12045585A00BDBF7B /* CTMemoryCachedRecord.h */ = {isa = PBXFileReference; fileEncoding = 4; lastKnownFileType = sourcecode.c.h; path = CTMemoryCachedRecord.h; sourceTree = "<group>"; };
		4A1E17B22045585A00BDBF7B /* CTCacheCenter.h */ = {isa = PBXFileReference; fileEncoding = 4; lastKnownFileType = sourcecode.c.h; path = CTCacheCenter.h; sourceTree = "<group>"; };
		4A1E17B42045585A00BDBF7B /* CTDiskCacheCenter.m */ = {isa = PBXFileReference; fileEncoding = 4; lastKnownFileType = sourcecode.c.objc; path = CTDiskCacheCenter.m; sourceTree = "<group>"; };
		4A1E17B52045585A00BDBF7B /* CTDiskCacheCenter.h */ = {isa = PBXFileReference; fileEncoding = 4; lastKnownFileType = sourcecode.c.h; path = CTDiskCacheCenter.h; sourceTree = "<group>"; };
		4A1E17C72045588E00BDBF7B /* CTServiceProtocol.h */ = {isa = PBXFileReference; fileEncoding = 4; lastKnownFileType = sourcecode.c.h; path = CTServiceProtocol.h; sourceTree = "<group>"; };
		4A1E17C82045588E00BDBF7B /* CTServiceFactory.h */ = {isa = PBXFileReference; fileEncoding = 4; lastKnownFileType = sourcecode.c.h; path = CTServiceFactory.h; sourceTree = "<group>"; };
		4A1E17C92045588E00BDBF7B /* CTServiceFactory.m */ = {isa = PBXFileReference; fileEncoding = 4; lastKnownFileType = sourcecode.c.objc; path = CTServiceFactory.m; sourceTree = "<group>"; };
		4A1E17CC20455B4200BDBF7B /* CTNetworking.h */ = {isa = PBXFileReference; lastKnownFileType = sourcecode.c.h; path = CTNetworking.h; sourceTree = "<group>"; };
		4AB2FB08204586E400770EF1 /* Target_CTAppContext.h */ = {isa = PBXFileReference; lastKnownFileType = sourcecode.c.h; path = Target_CTAppContext.h; sourceTree = "<group>"; };
		4AB2FB09204586E400770EF1 /* Target_CTAppContext.m */ = {isa = PBXFileReference; lastKnownFileType = sourcecode.c.objc; path = Target_CTAppContext.m; sourceTree = "<group>"; };
		4AB2FB0B204586F900770EF1 /* Target_DemoService.h */ = {isa = PBXFileReference; lastKnownFileType = sourcecode.c.h; path = Target_DemoService.h; sourceTree = "<group>"; };
		4AB2FB0C204586F900770EF1 /* Target_DemoService.m */ = {isa = PBXFileReference; lastKnownFileType = sourcecode.c.objc; path = Target_DemoService.m; sourceTree = "<group>"; };
		4AB2FB112045890E00770EF1 /* CTNetworkingDefines.h */ = {isa = PBXFileReference; lastKnownFileType = sourcecode.c.h; path = CTNetworkingDefines.h; sourceTree = "<group>"; };
		4AB2FB1520458C7200770EF1 /* CTMediator+CTAppContext.h */ = {isa = PBXFileReference; lastKnownFileType = sourcecode.c.h; path = "CTMediator+CTAppContext.h"; sourceTree = "<group>"; };
		4AB2FB1620458C7200770EF1 /* CTMediator+CTAppContext.m */ = {isa = PBXFileReference; lastKnownFileType = sourcecode.c.objc; path = "CTMediator+CTAppContext.m"; sourceTree = "<group>"; };
		4AB2FB1B2045B03F00770EF1 /* DemoService.h */ = {isa = PBXFileReference; lastKnownFileType = sourcecode.c.h; path = DemoService.h; sourceTree = "<group>"; };
		4AB2FB1C2045B03F00770EF1 /* DemoService.m */ = {isa = PBXFileReference; lastKnownFileType = sourcecode.c.objc; path = DemoService.m; sourceTree = "<group>"; };
		4AE4F2EB2045C69E002FF604 /* DemoAPIManagerViewController.h */ = {isa = PBXFileReference; fileEncoding = 4; lastKnownFileType = sourcecode.c.h; path = DemoAPIManagerViewController.h; sourceTree = "<group>"; };
		4AE4F2EC2045C69E002FF604 /* DemoAPIManagerViewController.m */ = {isa = PBXFileReference; fileEncoding = 4; lastKnownFileType = sourcecode.c.objc; path = DemoAPIManagerViewController.m; sourceTree = "<group>"; };
		4AE4F2EE2045C69E002FF604 /* DemoAPIManager.h */ = {isa = PBXFileReference; fileEncoding = 4; lastKnownFileType = sourcecode.c.h; path = DemoAPIManager.h; sourceTree = "<group>"; };
		4AE4F2EF2045C69E002FF604 /* DemoAPIManager.m */ = {isa = PBXFileReference; fileEncoding = 4; lastKnownFileType = sourcecode.c.objc; path = DemoAPIManager.m; sourceTree = "<group>"; };
		4AF1D17520454C4C006736EF /* CTNetworking.app */ = {isa = PBXFileReference; explicitFileType = wrapper.application; includeInIndex = 0; path = CTNetworking.app; sourceTree = BUILT_PRODUCTS_DIR; };
		4AF1D17820454C4C006736EF /* AppDelegate.h */ = {isa = PBXFileReference; lastKnownFileType = sourcecode.c.h; path = AppDelegate.h; sourceTree = "<group>"; };
		4AF1D17920454C4C006736EF /* AppDelegate.m */ = {isa = PBXFileReference; lastKnownFileType = sourcecode.c.objc; path = AppDelegate.m; sourceTree = "<group>"; };
		4AF1D17B20454C4C006736EF /* ViewController.h */ = {isa = PBXFileReference; lastKnownFileType = sourcecode.c.h; path = ViewController.h; sourceTree = "<group>"; };
		4AF1D17C20454C4C006736EF /* ViewController.m */ = {isa = PBXFileReference; lastKnownFileType = sourcecode.c.objc; path = ViewController.m; sourceTree = "<group>"; };
		4AF1D17F20454C4C006736EF /* Base */ = {isa = PBXFileReference; lastKnownFileType = file.storyboard; name = Base; path = Base.lproj/Main.storyboard; sourceTree = "<group>"; };
		4AF1D18120454C4C006736EF /* Assets.xcassets */ = {isa = PBXFileReference; lastKnownFileType = folder.assetcatalog; path = Assets.xcassets; sourceTree = "<group>"; };
		4AF1D18420454C4C006736EF /* Base */ = {isa = PBXFileReference; lastKnownFileType = file.storyboard; name = Base; path = Base.lproj/LaunchScreen.storyboard; sourceTree = "<group>"; };
		4AF1D18620454C4C006736EF /* Info.plist */ = {isa = PBXFileReference; lastKnownFileType = text.plist.xml; path = Info.plist; sourceTree = "<group>"; };
		4AF1D18720454C4C006736EF /* main.m */ = {isa = PBXFileReference; lastKnownFileType = sourcecode.c.objc; path = main.m; sourceTree = "<group>"; };
		615C4C6F1B9800EECABF0C74 /* Pods-CTNetworking.debug.xcconfig */ = {isa = PBXFileReference; includeInIndex = 1; lastKnownFileType = text.xcconfig; name = "Pods-CTNetworking.debug.xcconfig"; path = "Pods/Target Support Files/Pods-CTNetworking/Pods-CTNetworking.debug.xcconfig"; sourceTree = "<group>"; };
/* End PBXFileReference section */

/* Begin PBXFrameworksBuildPhase section */
		4AF1D17220454C4C006736EF /* Frameworks */ = {
			isa = PBXFrameworksBuildPhase;
			buildActionMask = 2147483647;
			files = (
				ACA6BF36968B948431EBBED5 /* libPods-CTNetworking.a in Frameworks */,
			);
			runOnlyForDeploymentPostprocessing = 0;
		};
/* End PBXFrameworksBuildPhase section */

/* Begin PBXGroup section */
		4A1E17752045549100BDBF7B /* CTNetworking */ = {
			isa = PBXGroup;
			children = (
				4A1E17C62045588E00BDBF7B /* Services */,
				4A1E17922045585A00BDBF7B /* Components */,
				4A1E17762045560D00BDBF7B /* Categories */,
				4A1E17CC20455B4200BDBF7B /* CTNetworking.h */,
				4AB2FB112045890E00770EF1 /* CTNetworkingDefines.h */,
			);
			path = CTNetworking;
			sourceTree = "<group>";
		};
		4A1E17762045560D00BDBF7B /* Categories */ = {
			isa = PBXGroup;
			children = (
				4AB2FB1220458C5D00770EF1 /* CTMediator */,
				4A1E17772045560D00BDBF7B /* Array */,
				4A1E177D2045560D00BDBF7B /* Dictionary */,
				4A1E17802045560D00BDBF7B /* NSURLRequest */,
				4A1E17832045560D00BDBF7B /* String */,
				4A1E17882045560D00BDBF7B /* NSObject */,
			);
			path = Categories;
			sourceTree = "<group>";
		};
		4A1E17772045560D00BDBF7B /* Array */ = {
			isa = PBXGroup;
			children = (
				4A1E17782045560D00BDBF7B /* NSArray+AXNetworkingMethods.m */,
				4A1E17792045560D00BDBF7B /* NSArray+AXNetworkingMethods.h */,
			);
			path = Array;
			sourceTree = "<group>";
		};
		4A1E177D2045560D00BDBF7B /* Dictionary */ = {
			isa = PBXGroup;
			children = (
				4A1E177E2045560D00BDBF7B /* NSDictionary+AXNetworkingMethods.m */,
				4A1E177F2045560D00BDBF7B /* NSDictionary+AXNetworkingMethods.h */,
			);
			path = Dictionary;
			sourceTree = "<group>";
		};
		4A1E17802045560D00BDBF7B /* NSURLRequest */ = {
			isa = PBXGroup;
			children = (
				4A1E17812045560D00BDBF7B /* NSURLRequest+CTNetworkingMethods.h */,
				4A1E17822045560D00BDBF7B /* NSURLRequest+CTNetworkingMethods.m */,
			);
			path = NSURLRequest;
			sourceTree = "<group>";
		};
		4A1E17832045560D00BDBF7B /* String */ = {
			isa = PBXGroup;
			children = (
				4A1E17842045560D00BDBF7B /* NSMutableString+AXNetworkingMethods.m */,
				4A1E17852045560D00BDBF7B /* NSString+AXNetworkingMethods.m */,
				4A1E17862045560D00BDBF7B /* NSString+AXNetworkingMethods.h */,
				4A1E17872045560D00BDBF7B /* NSMutableString+AXNetworkingMethods.h */,
			);
			path = String;
			sourceTree = "<group>";
		};
		4A1E17882045560D00BDBF7B /* NSObject */ = {
			isa = PBXGroup;
			children = (
				4A1E17892045560D00BDBF7B /* NSObject+AXNetworkingMethods.m */,
				4A1E178A2045560D00BDBF7B /* NSObject+AXNetworkingMethods.h */,
			);
			path = NSObject;
			sourceTree = "<group>";
		};
		4A1E17922045585A00BDBF7B /* Components */ = {
			isa = PBXGroup;
			children = (
				4A1E17932045585A00BDBF7B /* LogComponents */,
				4A1E17962045585A00BDBF7B /* URLResponse */,
				4A1E17992045585A00BDBF7B /* BaseAPITarget */,
				4A1E17A02045585A00BDBF7B /* BaseAPIManager */,
				4A1E17A32045585A00BDBF7B /* iPhoneTypeDefine.plist */,
				4A1E17A42045585A00BDBF7B /* APIProxy */,
				4A1E17AA2045585A00BDBF7B /* CacheComponents */,
			);
			path = Components;
			sourceTree = "<group>";
		};
		4A1E17932045585A00BDBF7B /* LogComponents */ = {
			isa = PBXGroup;
			children = (
				4A1E17942045585A00BDBF7B /* CTLogger.h */,
				4A1E17952045585A00BDBF7B /* CTLogger.m */,
			);
			path = LogComponents;
			sourceTree = "<group>";
		};
		4A1E17962045585A00BDBF7B /* URLResponse */ = {
			isa = PBXGroup;
			children = (
				4A1E17972045585A00BDBF7B /* CTURLResponse.h */,
				4A1E17982045585A00BDBF7B /* CTURLResponse.m */,
			);
			path = URLResponse;
			sourceTree = "<group>";
		};
		4A1E17992045585A00BDBF7B /* BaseAPITarget */ = {
			isa = PBXGroup;
			children = (
				4A1E179D2045585A00BDBF7B /* H5API */,
			);
			path = BaseAPITarget;
			sourceTree = "<group>";
		};
		4A1E179D2045585A00BDBF7B /* H5API */ = {
			isa = PBXGroup;
			children = (
				4A1E179E2045585A00BDBF7B /* Target_H5API.m */,
				4A1E179F2045585A00BDBF7B /* Target_H5API.h */,
			);
			path = H5API;
			sourceTree = "<group>";
		};
		4A1E17A02045585A00BDBF7B /* BaseAPIManager */ = {
			isa = PBXGroup;
			children = (
				4A1E17A22045585A00BDBF7B /* CTAPIBaseManager.h */,
				4A1E17A12045585A00BDBF7B /* CTAPIBaseManager.m */,
			);
			path = BaseAPIManager;
			sourceTree = "<group>";
		};
		4A1E17A42045585A00BDBF7B /* APIProxy */ = {
			isa = PBXGroup;
			children = (
				4A1E17A52045585A00BDBF7B /* CTApiProxy.h */,
				4A1E17A92045585A00BDBF7B /* CTApiProxy.m */,
			);
			path = APIProxy;
			sourceTree = "<group>";
		};
		4A1E17AA2045585A00BDBF7B /* CacheComponents */ = {
			isa = PBXGroup;
			children = (
				4A1E17B22045585A00BDBF7B /* CTCacheCenter.h */,
				4A1E17AB2045585A00BDBF7B /* CTCacheCenter.m */,
				4A1E17AC2045585A00BDBF7B /* MemCacheDataCenter */,
				4A1E17B32045585A00BDBF7B /* DiskCacheDataCenter */,
			);
			path = CacheComponents;
			sourceTree = "<group>";
		};
		4A1E17AC2045585A00BDBF7B /* MemCacheDataCenter */ = {
			isa = PBXGroup;
			children = (
				4A1E17AD2045585A00BDBF7B /* CTMemoryCacheDataCenter.m */,
				4A1E17AE2045585A00BDBF7B /* CTMemoryCacheDataCenter.h */,
				4A1E17AF2045585A00BDBF7B /* MemoryCachedRecord */,
			);
			path = MemCacheDataCenter;
			sourceTree = "<group>";
		};
		4A1E17AF2045585A00BDBF7B /* MemoryCachedRecord */ = {
			isa = PBXGroup;
			children = (
				4A1E17B02045585A00BDBF7B /* CTMemoryCachedRecord.m */,
				4A1E17B12045585A00BDBF7B /* CTMemoryCachedRecord.h */,
			);
			path = MemoryCachedRecord;
			sourceTree = "<group>";
		};
		4A1E17B32045585A00BDBF7B /* DiskCacheDataCenter */ = {
			isa = PBXGroup;
			children = (
				4A1E17B42045585A00BDBF7B /* CTDiskCacheCenter.m */,
				4A1E17B52045585A00BDBF7B /* CTDiskCacheCenter.h */,
			);
			path = DiskCacheDataCenter;
			sourceTree = "<group>";
		};
		4A1E17C62045588E00BDBF7B /* Services */ = {
			isa = PBXGroup;
			children = (
				4A1E17C72045588E00BDBF7B /* CTServiceProtocol.h */,
				4A1E17C82045588E00BDBF7B /* CTServiceFactory.h */,
				4A1E17C92045588E00BDBF7B /* CTServiceFactory.m */,
			);
			path = Services;
			sourceTree = "<group>";
		};
		4A4A07BB2045BDE2001A54C6 /* DemoControllers */ = {
			isa = PBXGroup;
			children = (
				4AE4F2EA2045C69E002FF604 /* DemoAPIManagerViewController */,
			);
			path = DemoControllers;
			sourceTree = "<group>";
		};
		4AB2FB04204586C400770EF1 /* Demo */ = {
			isa = PBXGroup;
			children = (
				4A4A07BB2045BDE2001A54C6 /* DemoControllers */,
				4AB2FB05204586C400770EF1 /* DemoService */,
				4AB2FB06204586C400770EF1 /* DemoAppContext */,
			);
			path = Demo;
			sourceTree = "<group>";
		};
		4AB2FB05204586C400770EF1 /* DemoService */ = {
			isa = PBXGroup;
			children = (
				4AB2FB0B204586F900770EF1 /* Target_DemoService.h */,
				4AB2FB0C204586F900770EF1 /* Target_DemoService.m */,
				4AB2FB1B2045B03F00770EF1 /* DemoService.h */,
				4AB2FB1C2045B03F00770EF1 /* DemoService.m */,
			);
			path = DemoService;
			sourceTree = "<group>";
		};
		4AB2FB06204586C400770EF1 /* DemoAppContext */ = {
			isa = PBXGroup;
			children = (
				4AB2FB08204586E400770EF1 /* Target_CTAppContext.h */,
				4AB2FB09204586E400770EF1 /* Target_CTAppContext.m */,
			);
			path = DemoAppContext;
			sourceTree = "<group>";
		};
		4AB2FB1220458C5D00770EF1 /* CTMediator */ = {
			isa = PBXGroup;
			children = (
				4AB2FB1320458C5D00770EF1 /* AppContext */,
			);
			path = CTMediator;
			sourceTree = "<group>";
		};
		4AB2FB1320458C5D00770EF1 /* AppContext */ = {
			isa = PBXGroup;
			children = (
				4AB2FB1520458C7200770EF1 /* CTMediator+CTAppContext.h */,
				4AB2FB1620458C7200770EF1 /* CTMediator+CTAppContext.m */,
			);
			path = AppContext;
			sourceTree = "<group>";
		};
		4AE4F2EA2045C69E002FF604 /* DemoAPIManagerViewController */ = {
			isa = PBXGroup;
			children = (
				4AE4F2ED2045C69E002FF604 /* DemoAPIManager */,
				4AE4F2EB2045C69E002FF604 /* DemoAPIManagerViewController.h */,
				4AE4F2EC2045C69E002FF604 /* DemoAPIManagerViewController.m */,
			);
			path = DemoAPIManagerViewController;
			sourceTree = "<group>";
		};
		4AE4F2ED2045C69E002FF604 /* DemoAPIManager */ = {
			isa = PBXGroup;
			children = (
				4AE4F2EE2045C69E002FF604 /* DemoAPIManager.h */,
				4AE4F2EF2045C69E002FF604 /* DemoAPIManager.m */,
			);
			path = DemoAPIManager;
			sourceTree = "<group>";
		};
		4AF1D16C20454C4C006736EF = {
			isa = PBXGroup;
			children = (
				4AF1D17720454C4C006736EF /* CTNetworking */,
				4AF1D17620454C4C006736EF /* Products */,
				5898783C7B836C01FD39744F /* Pods */,
				9CA092C16DCAE047AC413E6D /* Frameworks */,
			);
			sourceTree = "<group>";
		};
		4AF1D17620454C4C006736EF /* Products */ = {
			isa = PBXGroup;
			children = (
				4AF1D17520454C4C006736EF /* CTNetworking.app */,
			);
			name = Products;
			sourceTree = "<group>";
		};
		4AF1D17720454C4C006736EF /* CTNetworking */ = {
			isa = PBXGroup;
			children = (
				4A1E17752045549100BDBF7B /* CTNetworking */,
				4AB2FB04204586C400770EF1 /* Demo */,
				4AF1D17820454C4C006736EF /* AppDelegate.h */,
				4AF1D17920454C4C006736EF /* AppDelegate.m */,
				4AF1D17B20454C4C006736EF /* ViewController.h */,
				4AF1D17C20454C4C006736EF /* ViewController.m */,
				4AF1D17E20454C4C006736EF /* Main.storyboard */,
				4AF1D18120454C4C006736EF /* Assets.xcassets */,
				4AF1D18320454C4C006736EF /* LaunchScreen.storyboard */,
				4AF1D18620454C4C006736EF /* Info.plist */,
				4AF1D18720454C4C006736EF /* main.m */,
			);
			path = CTNetworking;
			sourceTree = "<group>";
		};
		5898783C7B836C01FD39744F /* Pods */ = {
			isa = PBXGroup;
			children = (
				615C4C6F1B9800EECABF0C74 /* Pods-CTNetworking.debug.xcconfig */,
				004A387B2F0C26B746C0D43D /* Pods-CTNetworking.release.xcconfig */,
			);
			name = Pods;
			sourceTree = "<group>";
		};
		9CA092C16DCAE047AC413E6D /* Frameworks */ = {
			isa = PBXGroup;
			children = (
				2C89AC4DE62717E44D715D01 /* libPods-CTNetworking.a */,
			);
			name = Frameworks;
			sourceTree = "<group>";
		};
/* End PBXGroup section */

/* Begin PBXNativeTarget section */
		4AF1D17420454C4C006736EF /* CTNetworking */ = {
			isa = PBXNativeTarget;
			buildConfigurationList = 4AF1D18B20454C4C006736EF /* Build configuration list for PBXNativeTarget "CTNetworking" */;
			buildPhases = (
				0B7170AD119EE9AA236C2859 /* [CP] Check Pods Manifest.lock */,
				4AF1D17120454C4C006736EF /* Sources */,
				4AF1D17220454C4C006736EF /* Frameworks */,
				4AF1D17320454C4C006736EF /* Resources */,
			);
			buildRules = (
			);
			dependencies = (
			);
			name = CTNetworking;
			productName = CTNetworking;
			productReference = 4AF1D17520454C4C006736EF /* CTNetworking.app */;
			productType = "com.apple.product-type.application";
		};
/* End PBXNativeTarget section */

/* Begin PBXProject section */
		4AF1D16D20454C4C006736EF /* Project object */ = {
			isa = PBXProject;
			attributes = {
				LastUpgradeCheck = 0920;
				ORGANIZATIONNAME = casa;
				TargetAttributes = {
					4AF1D17420454C4C006736EF = {
						CreatedOnToolsVersion = 9.2;
						ProvisioningStyle = Automatic;
					};
				};
			};
			buildConfigurationList = 4AF1D17020454C4C006736EF /* Build configuration list for PBXProject "CTNetworking" */;
			compatibilityVersion = "Xcode 8.0";
			developmentRegion = en;
			hasScannedForEncodings = 0;
			knownRegions = (
				en,
				Base,
			);
			mainGroup = 4AF1D16C20454C4C006736EF;
			productRefGroup = 4AF1D17620454C4C006736EF /* Products */;
			projectDirPath = "";
			projectRoot = "";
			targets = (
				4AF1D17420454C4C006736EF /* CTNetworking */,
			);
		};
/* End PBXProject section */

/* Begin PBXResourcesBuildPhase section */
		4AF1D17320454C4C006736EF /* Resources */ = {
			isa = PBXResourcesBuildPhase;
			buildActionMask = 2147483647;
			files = (
				4A1E17BB2045585A00BDBF7B /* iPhoneTypeDefine.plist in Resources */,
				4AF1D18520454C4C006736EF /* LaunchScreen.storyboard in Resources */,
				4AF1D18220454C4C006736EF /* Assets.xcassets in Resources */,
				4AF1D18020454C4C006736EF /* Main.storyboard in Resources */,
			);
			runOnlyForDeploymentPostprocessing = 0;
		};
/* End PBXResourcesBuildPhase section */

/* Begin PBXShellScriptBuildPhase section */
		0B7170AD119EE9AA236C2859 /* [CP] Check Pods Manifest.lock */ = {
			isa = PBXShellScriptBuildPhase;
			buildActionMask = 2147483647;
			files = (
			);
			inputPaths = (
				"${PODS_PODFILE_DIR_PATH}/Podfile.lock",
				"${PODS_ROOT}/Manifest.lock",
			);
			name = "[CP] Check Pods Manifest.lock";
			outputPaths = (
				"$(DERIVED_FILE_DIR)/Pods-CTNetworking-checkManifestLockResult.txt",
			);
			runOnlyForDeploymentPostprocessing = 0;
			shellPath = /bin/sh;
			shellScript = "diff \"${PODS_PODFILE_DIR_PATH}/Podfile.lock\" \"${PODS_ROOT}/Manifest.lock\" > /dev/null\nif [ $? != 0 ] ; then\n    # print error to STDERR\n    echo \"error: The sandbox is not in sync with the Podfile.lock. Run 'pod install' or update your CocoaPods installation.\" >&2\n    exit 1\nfi\n# This output is used by Xcode 'outputs' to avoid re-running this script phase.\necho \"SUCCESS\" > \"${SCRIPT_OUTPUT_FILE_0}\"\n";
			showEnvVarsInLog = 0;
		};
/* End PBXShellScriptBuildPhase section */

/* Begin PBXSourcesBuildPhase section */
		4AF1D17120454C4C006736EF /* Sources */ = {
			isa = PBXSourcesBuildPhase;
			buildActionMask = 2147483647;
			files = (
				4AE4F2F12045C69E002FF604 /* DemoAPIManager.m in Sources */,
				4A1E178B2045560D00BDBF7B /* NSArray+AXNetworkingMethods.m in Sources */,
				4AB2FB0D204586F900770EF1 /* Target_DemoService.m in Sources */,
				4AE4F2F02045C69E002FF604 /* DemoAPIManagerViewController.m in Sources */,
				4AB2FB0A204586E400770EF1 /* Target_CTAppContext.m in Sources */,
				4A1E17BA2045585A00BDBF7B /* CTAPIBaseManager.m in Sources */,
				4AF1D17D20454C4C006736EF /* ViewController.m in Sources */,
				4A1E178F2045560D00BDBF7B /* NSMutableString+AXNetworkingMethods.m in Sources */,
				4A1E17B72045585A00BDBF7B /* CTURLResponse.m in Sources */,
				4AB2FB1D2045B03F00770EF1 /* DemoService.m in Sources */,
				4A1E178E2045560D00BDBF7B /* NSURLRequest+CTNetworkingMethods.m in Sources */,
				4A1E17902045560D00BDBF7B /* NSString+AXNetworkingMethods.m in Sources */,
				4A1E17C02045585A00BDBF7B /* CTMemoryCachedRecord.m in Sources */,
				4AB2FB1720458C7200770EF1 /* CTMediator+CTAppContext.m in Sources */,
				4A1E17B62045585A00BDBF7B /* CTLogger.m in Sources */,
				4A1E17BD2045585A00BDBF7B /* CTApiProxy.m in Sources */,
				4A1E17BF2045585A00BDBF7B /* CTMemoryCacheDataCenter.m in Sources */,
				4A1E17BE2045585A00BDBF7B /* CTCacheCenter.m in Sources */,
				4A1E17B92045585A00BDBF7B /* Target_H5API.m in Sources */,
				4A1E17CB2045588E00BDBF7B /* CTServiceFactory.m in Sources */,
				4A1E17912045560D00BDBF7B /* NSObject+AXNetworkingMethods.m in Sources */,
				4A1E178D2045560D00BDBF7B /* NSDictionary+AXNetworkingMethods.m in Sources */,
				4A1E17C12045585A00BDBF7B /* CTDiskCacheCenter.m in Sources */,
				4AF1D18820454C4C006736EF /* main.m in Sources */,
				4AF1D17A20454C4C006736EF /* AppDelegate.m in Sources */,
			);
			runOnlyForDeploymentPostprocessing = 0;
		};
/* End PBXSourcesBuildPhase section */

/* Begin PBXVariantGroup section */
		4AF1D17E20454C4C006736EF /* Main.storyboard */ = {
			isa = PBXVariantGroup;
			children = (
				4AF1D17F20454C4C006736EF /* Base */,
			);
			name = Main.storyboard;
			sourceTree = "<group>";
		};
		4AF1D18320454C4C006736EF /* LaunchScreen.storyboard */ = {
			isa = PBXVariantGroup;
			children = (
				4AF1D18420454C4C006736EF /* Base */,
			);
			name = LaunchScreen.storyboard;
			sourceTree = "<group>";
		};
/* End PBXVariantGroup section */

/* Begin XCBuildConfiguration section */
		4AF1D18920454C4C006736EF /* Debug */ = {
			isa = XCBuildConfiguration;
			buildSettings = {
				ALWAYS_SEARCH_USER_PATHS = NO;
				CLANG_ANALYZER_NONNULL = YES;
				CLANG_ANALYZER_NUMBER_OBJECT_CONVERSION = YES_AGGRESSIVE;
				CLANG_CXX_LANGUAGE_STANDARD = "gnu++14";
				CLANG_CXX_LIBRARY = "libc++";
				CLANG_ENABLE_MODULES = YES;
				CLANG_ENABLE_OBJC_ARC = YES;
				CLANG_WARN_BLOCK_CAPTURE_AUTORELEASING = YES;
				CLANG_WARN_BOOL_CONVERSION = YES;
				CLANG_WARN_COMMA = YES;
				CLANG_WARN_CONSTANT_CONVERSION = YES;
				CLANG_WARN_DIRECT_OBJC_ISA_USAGE = YES_ERROR;
				CLANG_WARN_DOCUMENTATION_COMMENTS = YES;
				CLANG_WARN_EMPTY_BODY = YES;
				CLANG_WARN_ENUM_CONVERSION = YES;
				CLANG_WARN_INFINITE_RECURSION = YES;
				CLANG_WARN_INT_CONVERSION = YES;
				CLANG_WARN_NON_LITERAL_NULL_CONVERSION = YES;
				CLANG_WARN_OBJC_LITERAL_CONVERSION = YES;
				CLANG_WARN_OBJC_ROOT_CLASS = YES_ERROR;
				CLANG_WARN_RANGE_LOOP_ANALYSIS = YES;
				CLANG_WARN_STRICT_PROTOTYPES = YES;
				CLANG_WARN_SUSPICIOUS_MOVE = YES;
				CLANG_WARN_UNGUARDED_AVAILABILITY = YES_AGGRESSIVE;
				CLANG_WARN_UNREACHABLE_CODE = YES;
				CLANG_WARN__DUPLICATE_METHOD_MATCH = YES;
				CODE_SIGN_IDENTITY = "iPhone Developer";
				COPY_PHASE_STRIP = NO;
				DEBUG_INFORMATION_FORMAT = dwarf;
				ENABLE_STRICT_OBJC_MSGSEND = YES;
				ENABLE_TESTABILITY = YES;
				GCC_C_LANGUAGE_STANDARD = gnu11;
				GCC_DYNAMIC_NO_PIC = NO;
				GCC_NO_COMMON_BLOCKS = YES;
				GCC_OPTIMIZATION_LEVEL = 0;
				GCC_PREPROCESSOR_DEFINITIONS = (
					"DEBUG=1",
					"$(inherited)",
				);
				GCC_WARN_64_TO_32_BIT_CONVERSION = YES;
				GCC_WARN_ABOUT_RETURN_TYPE = YES_ERROR;
				GCC_WARN_UNDECLARED_SELECTOR = YES;
				GCC_WARN_UNINITIALIZED_AUTOS = YES_AGGRESSIVE;
				GCC_WARN_UNUSED_FUNCTION = YES;
				GCC_WARN_UNUSED_VARIABLE = YES;
				IPHONEOS_DEPLOYMENT_TARGET = 11.2;
				MTL_ENABLE_DEBUG_INFO = YES;
				ONLY_ACTIVE_ARCH = YES;
				SDKROOT = iphoneos;
			};
			name = Debug;
		};
		4AF1D18A20454C4C006736EF /* Release */ = {
			isa = XCBuildConfiguration;
			buildSettings = {
				ALWAYS_SEARCH_USER_PATHS = NO;
				CLANG_ANALYZER_NONNULL = YES;
				CLANG_ANALYZER_NUMBER_OBJECT_CONVERSION = YES_AGGRESSIVE;
				CLANG_CXX_LANGUAGE_STANDARD = "gnu++14";
				CLANG_CXX_LIBRARY = "libc++";
				CLANG_ENABLE_MODULES = YES;
				CLANG_ENABLE_OBJC_ARC = YES;
				CLANG_WARN_BLOCK_CAPTURE_AUTORELEASING = YES;
				CLANG_WARN_BOOL_CONVERSION = YES;
				CLANG_WARN_COMMA = YES;
				CLANG_WARN_CONSTANT_CONVERSION = YES;
				CLANG_WARN_DIRECT_OBJC_ISA_USAGE = YES_ERROR;
				CLANG_WARN_DOCUMENTATION_COMMENTS = YES;
				CLANG_WARN_EMPTY_BODY = YES;
				CLANG_WARN_ENUM_CONVERSION = YES;
				CLANG_WARN_INFINITE_RECURSION = YES;
				CLANG_WARN_INT_CONVERSION = YES;
				CLANG_WARN_NON_LITERAL_NULL_CONVERSION = YES;
				CLANG_WARN_OBJC_LITERAL_CONVERSION = YES;
				CLANG_WARN_OBJC_ROOT_CLASS = YES_ERROR;
				CLANG_WARN_RANGE_LOOP_ANALYSIS = YES;
				CLANG_WARN_STRICT_PROTOTYPES = YES;
				CLANG_WARN_SUSPICIOUS_MOVE = YES;
				CLANG_WARN_UNGUARDED_AVAILABILITY = YES_AGGRESSIVE;
				CLANG_WARN_UNREACHABLE_CODE = YES;
				CLANG_WARN__DUPLICATE_METHOD_MATCH = YES;
				CODE_SIGN_IDENTITY = "iPhone Developer";
				COPY_PHASE_STRIP = NO;
				DEBUG_INFORMATION_FORMAT = "dwarf-with-dsym";
				ENABLE_NS_ASSERTIONS = NO;
				ENABLE_STRICT_OBJC_MSGSEND = YES;
				GCC_C_LANGUAGE_STANDARD = gnu11;
				GCC_NO_COMMON_BLOCKS = YES;
				GCC_WARN_64_TO_32_BIT_CONVERSION = YES;
				GCC_WARN_ABOUT_RETURN_TYPE = YES_ERROR;
				GCC_WARN_UNDECLARED_SELECTOR = YES;
				GCC_WARN_UNINITIALIZED_AUTOS = YES_AGGRESSIVE;
				GCC_WARN_UNUSED_FUNCTION = YES;
				GCC_WARN_UNUSED_VARIABLE = YES;
				IPHONEOS_DEPLOYMENT_TARGET = 11.2;
				MTL_ENABLE_DEBUG_INFO = NO;
				SDKROOT = iphoneos;
				VALIDATE_PRODUCT = YES;
			};
			name = Release;
		};
		4AF1D18C20454C4C006736EF /* Debug */ = {
			isa = XCBuildConfiguration;
			baseConfigurationReference = 615C4C6F1B9800EECABF0C74 /* Pods-CTNetworking.debug.xcconfig */;
			buildSettings = {
				ASSETCATALOG_COMPILER_APPICON_NAME = AppIcon;
				CODE_SIGN_STYLE = Automatic;
				DEVELOPMENT_TEAM = GQ7926NZY4;
				INFOPLIST_FILE = CTNetworking/Info.plist;
				LD_RUNPATH_SEARCH_PATHS = "$(inherited) @executable_path/Frameworks";
				PRODUCT_BUNDLE_IDENTIFIER = casa.CTNetworking;
				PRODUCT_NAME = "$(TARGET_NAME)";
				TARGETED_DEVICE_FAMILY = "1,2";
			};
			name = Debug;
		};
		4AF1D18D20454C4C006736EF /* Release */ = {
			isa = XCBuildConfiguration;
			baseConfigurationReference = 004A387B2F0C26B746C0D43D /* Pods-CTNetworking.release.xcconfig */;
			buildSettings = {
				ASSETCATALOG_COMPILER_APPICON_NAME = AppIcon;
				CODE_SIGN_STYLE = Automatic;
				DEVELOPMENT_TEAM = GQ7926NZY4;
				INFOPLIST_FILE = CTNetworking/Info.plist;
				LD_RUNPATH_SEARCH_PATHS = "$(inherited) @executable_path/Frameworks";
				PRODUCT_BUNDLE_IDENTIFIER = casa.CTNetworking;
				PRODUCT_NAME = "$(TARGET_NAME)";
				TARGETED_DEVICE_FAMILY = "1,2";
			};
			name = Release;
		};
/* End XCBuildConfiguration section */

/* Begin XCConfigurationList section */
		4AF1D17020454C4C006736EF /* Build configuration list for PBXProject "CTNetworking" */ = {
			isa = XCConfigurationList;
			buildConfigurations = (
				4AF1D18920454C4C006736EF /* Debug */,
				4AF1D18A20454C4C006736EF /* Release */,
			);
			defaultConfigurationIsVisible = 0;
			defaultConfigurationName = Release;
		};
		4AF1D18B20454C4C006736EF /* Build configuration list for PBXNativeTarget "CTNetworking" */ = {
			isa = XCConfigurationList;
			buildConfigurations = (
				4AF1D18C20454C4C006736EF /* Debug */,
				4AF1D18D20454C4C006736EF /* Release */,
			);
			defaultConfigurationIsVisible = 0;
			defaultConfigurationName = Release;
		};
/* End XCConfigurationList section */
	};
	rootObject = 4AF1D16D20454C4C006736EF /* Project object */;
}
